
Microsoft Visual Studio Solution File, Format Version 12.00
# Visual Studio Version 17
VisualStudioVersion = 17.0.31903.59
MinimumVisualStudioVersion = 10.0.40219.1
Project("{2150E333-8FDC-42A3-9474-1A3956D46DE8}") = "app", "app", "{BF4E6222-C417-4D40-A9FD-E1B7AD34024A}"
EndProject
Project("{FAE04EC0-301F-11D3-BF4B-00C04F79EFBC}") = "Vegha.Core.Domain", "app\Vegha.Core.Domain\Vegha.Core.Domain.csproj", "{160FABB8-23BB-4CB8-82C0-E5C8D29EC955}"
EndProject
Project("{FAE04EC0-301F-11D3-BF4B-00C04F79EFBC}") = "Vegha.Core.FileFormat", "app\Vegha.Core.FileFormat\Vegha.Core.FileFormat.csproj", "{547A4670-DC85-4F13-98C1-12A008E5BA09}"
EndProject
Project("{FAE04EC0-301F-11D3-BF4B-00C04F79EFBC}") = "Vegha.App.ViewModels", "app\Vegha.App.ViewModels\Vegha.App.ViewModels.csproj", "{C8F2F41C-02E6-44B6-918D-C6A98F8CFF0B}"
EndProject
Project("{FAE04EC0-301F-11D3-BF4B-00C04F79EFBC}") = "Vegha.App.Controls", "app\Vegha.App.Controls\Vegha.App.Controls.csproj", "{22506AA7-0009-4D31-A89A-C7FA2659335C}"
EndProject
Project("{FAE04EC0-301F-11D3-BF4B-00C04F79EFBC}") = "Vegha.App", "app\Vegha.App\Vegha.App.csproj", "{ADD2C6F4-BA8E-4326-BF20-C2F1F01AE0C6}"
EndProject
Project("{FAE04EC0-301F-11D3-BF4B-00C04F79EFBC}") = "Vegha.Core.Bru.Parser", "app\Vegha.Core.Bru.Parser\Vegha.Core.Bru.Parser.csproj", "{C9FAC9A3-E7D6-43AA-A855-379EB123EC2C}"
EndProject
Project("{2150E333-8FDC-42A3-9474-1A3956D46DE8}") = "tests", "tests", "{96F4E1E6-3ABB-453F-98BA-1EFF55D3CB05}"
EndProject
Project("{FAE04EC0-301F-11D3-BF4B-00C04F79EFBC}") = "Vegha.Tests.Unit.Core.Bru.Parser", "tests\Vegha.Tests.Unit.Core.Bru.Parser\Vegha.Tests.Unit.Core.Bru.Parser.csproj", "{A8A1751E-A724-4143-B53B-CC7D5778EFBE}"
EndProject
Project("{FAE04EC0-301F-11D3-BF4B-00C04F79EFBC}") = "Vegha.Core.Persistence", "app\Vegha.Core.Persistence\Vegha.Core.Persistence.csproj", "{70D95518-7939-479F-A5AA-805E522E6FCD}"
EndProject
Project("{FAE04EC0-301F-11D3-BF4B-00C04F79EFBC}") = "Vegha.Tests.Unit.Core.Persistence", "tests\Vegha.Tests.Unit.Core.Persistence\Vegha.Tests.Unit.Core.Persistence.csproj", "{9A8CF3A9-C159-4634-91E7-FED278C64C2D}"
EndProject
Project("{FAE04EC0-301F-11D3-BF4B-00C04F79EFBC}") = "Vegha.Core.Requests", "app\Vegha.Core.Requests\Vegha.Core.Requests.csproj", "{5ECC28C0-8C8B-4BC9-BCBA-A9F012233092}"
EndProject
Project("{FAE04EC0-301F-11D3-BF4B-00C04F79EFBC}") = "Vegha.Tests.Integration", "tests\Vegha.Tests.Integration\Vegha.Tests.Integration.csproj", "{E646A597-8A9A-4007-A6BA-F4A7D0734163}"
EndProject
Project("{FAE04EC0-301F-11D3-BF4B-00C04F79EFBC}") = "Vegha.Core.Importers", "app\Vegha.Core.Importers\Vegha.Core.Importers.csproj", "{DE10991B-5927-4413-8057-C481145B7FFD}"
EndProject
Project("{FAE04EC0-301F-11D3-BF4B-00C04F79EFBC}") = "Vegha.Tests.Unit.Core.Importers", "tests\Vegha.Tests.Unit.Core.Importers\Vegha.Tests.Unit.Core.Importers.csproj", "{958AAB85-373B-408E-B15F-F1A44EA7919C}"
EndProject
Project("{FAE04EC0-301F-11D3-BF4B-00C04F79EFBC}") = "Vegha.Core.Interpolation", "app\Vegha.Core.Interpolation\Vegha.Core.Interpolation.csproj", "{E8D07D81-ED5E-469D-BA68-99C96EFF85C2}"
EndProject
Project("{FAE04EC0-301F-11D3-BF4B-00C04F79EFBC}") = "Vegha.Tests.Unit.Core.Interpolation", "tests\Vegha.Tests.Unit.Core.Interpolation\Vegha.Tests.Unit.Core.Interpolation.csproj", "{F6F410CA-7F78-4971-95D6-DBED2ABDBB6B}"
EndProject
Project("{FAE04EC0-301F-11D3-BF4B-00C04F79EFBC}") = "Vegha.Core.Scripting", "app\Vegha.Core.Scripting\Vegha.Core.Scripting.csproj", "{D5AE8E07-F9F9-4B08-83B7-44A85C33082B}"
EndProject
Project("{FAE04EC0-301F-11D3-BF4B-00C04F79EFBC}") = "Vegha.Tests.Unit.Core.Scripting", "tests\Vegha.Tests.Unit.Core.Scripting\Vegha.Tests.Unit.Core.Scripting.csproj", "{C04450FD-AD88-41A5-8CAA-6D324B2A2437}"
EndProject
Project("{FAE04EC0-301F-11D3-BF4B-00C04F79EFBC}") = "Vegha.Core.History", "app\Vegha.Core.History\Vegha.Core.History.csproj", "{7950492D-BFF3-4EE0-9D88-A460CCA573E6}"
EndProject
Project("{FAE04EC0-301F-11D3-BF4B-00C04F79EFBC}") = "Vegha.Tests.Unit.Core.History", "tests\Vegha.Tests.Unit.Core.History\Vegha.Tests.Unit.Core.History.csproj", "{117A712C-0FB2-4F72-817B-BB724A37E9C4}"
EndProject
Project("{FAE04EC0-301F-11D3-BF4B-00C04F79EFBC}") = "Vegha.Core.Codegen", "app\Vegha.Core.Codegen\Vegha.Core.Codegen.csproj", "{F4E82FAC-8A62-4DED-B8DE-9A7BC362A919}"
EndProject
Project("{FAE04EC0-301F-11D3-BF4B-00C04F79EFBC}") = "Vegha.Tests.Unit.Core.Codegen", "tests\Vegha.Tests.Unit.Core.Codegen\Vegha.Tests.Unit.Core.Codegen.csproj", "{96F73C06-CBB2-4FEC-BEA3-28B046FEDEF6}"
EndProject
Project("{FAE04EC0-301F-11D3-BF4B-00C04F79EFBC}") = "Vegha.Tests.Unit.Core.FileFormat", "tests\Vegha.Tests.Unit.Core.FileFormat\Vegha.Tests.Unit.Core.FileFormat.csproj", "{E41D1C56-B501-4C46-9996-FCAFCB7969CD}"
EndProject
Project("{FAE04EC0-301F-11D3-BF4B-00C04F79EFBC}") = "Vegha.Integrations.Secrets.Abstractions", "app\Vegha.Integrations.Secrets.Abstractions\Vegha.Integrations.Secrets.Abstractions.csproj", "{2E42583D-0892-4088-8A68-5647FB03B5D2}"
EndProject
Project("{FAE04EC0-301F-11D3-BF4B-00C04F79EFBC}") = "Vegha.Integrations.Secrets.Vault", "app\Vegha.Integrations.Secrets.Vault\Vegha.Integrations.Secrets.Vault.csproj", "{15983B60-8900-4CD8-BB72-0B700262323F}"
EndProject
Project("{FAE04EC0-301F-11D3-BF4B-00C04F79EFBC}") = "Vegha.Integrations.Secrets.Aws", "app\Vegha.Integrations.Secrets.Aws\Vegha.Integrations.Secrets.Aws.csproj", "{504966AD-CBA4-424D-AFEF-337E1B2DC868}"
EndProject
Project("{FAE04EC0-301F-11D3-BF4B-00C04F79EFBC}") = "Vegha.Integrations.Secrets.Azure", "app\Vegha.Integrations.Secrets.Azure\Vegha.Integrations.Secrets.Azure.csproj", "{E210AF36-3FF4-48EC-B931-E2B978EBFEC9}"
EndProject
Project("{FAE04EC0-301F-11D3-BF4B-00C04F79EFBC}") = "Vegha.Tests.Unit.Integrations.Secrets", "tests\Vegha.Tests.Unit.Integrations.Secrets\Vegha.Tests.Unit.Integrations.Secrets.csproj", "{8552AFA0-7F27-44D7-AC2D-7E48287FDECB}"
EndProject
Project("{FAE04EC0-301F-11D3-BF4B-00C04F79EFBC}") = "Vegha.Integrations.Git", "app\Vegha.Integrations.Git\Vegha.Integrations.Git.csproj", "{A0F53710-3BD1-4BCC-932D-37878F2B0662}"
EndProject
Project("{FAE04EC0-301F-11D3-BF4B-00C04F79EFBC}") = "Vegha.Tests.Unit.Integrations.Git", "tests\Vegha.Tests.Unit.Integrations.Git\Vegha.Tests.Unit.Integrations.Git.csproj", "{830C084D-04EB-4533-85B9-E20DE7E9459D}"
EndProject
Project("{FAE04EC0-301F-11D3-BF4B-00C04F79EFBC}") = "Vegha.Integrations.Grpc", "app\Vegha.Integrations.Grpc\Vegha.Integrations.Grpc.csproj", "{581DB218-8174-4152-A851-03BB56C9F764}"
EndProject
Project("{FAE04EC0-301F-11D3-BF4B-00C04F79EFBC}") = "Vegha.Integrations.Identity.Entra", "app\Vegha.Integrations.Identity.Entra\Vegha.Integrations.Identity.Entra.csproj", "{43260C56-4B9E-4088-80A4-58D1A53D10A6}"
EndProject
Project("{FAE04EC0-301F-11D3-BF4B-00C04F79EFBC}") = "Vegha.Integrations.Secrets.Gcp", "app\Vegha.Integrations.Secrets.Gcp\Vegha.Integrations.Secrets.Gcp.csproj", "{B9E6A552-1E5E-4D84-A9D2-07CB36C6BC36}"
EndProject
Project("{FAE04EC0-301F-11D3-BF4B-00C04F79EFBC}") = "Vegha.Integrations.Secrets.Doppler", "app\Vegha.Integrations.Secrets.Doppler\Vegha.Integrations.Secrets.Doppler.csproj", "{8453BAD5-F885-432D-9D8B-9F6D561BBD3D}"
EndProject
Project("{FAE04EC0-301F-11D3-BF4B-00C04F79EFBC}") = "Vegha.Integrations.Secrets.OnePassword", "app\Vegha.Integrations.Secrets.OnePassword\Vegha.Integrations.Secrets.OnePassword.csproj", "{80D641ED-1DC8-42C2-81B8-1EE614AFE48B}"
EndProject
Project("{FAE04EC0-301F-11D3-BF4B-00C04F79EFBC}") = "Vegha.Integrations.Secrets.Conjur", "app\Vegha.Integrations.Secrets.Conjur\Vegha.Integrations.Secrets.Conjur.csproj", "{02931C34-CE06-4C1F-BA55-161168FA1DA9}"
EndProject
Project("{FAE04EC0-301F-11D3-BF4B-00C04F79EFBC}") = "Vegha.Integrations.Wsdl", "app\Vegha.Integrations.Wsdl\Vegha.Integrations.Wsdl.csproj", "{6EE8D263-41BF-4901-B297-59A329C51955}"
EndProject
Project("{FAE04EC0-301F-11D3-BF4B-00C04F79EFBC}") = "Vegha.Tests.Unit.Integrations.Wsdl", "tests\Vegha.Tests.Unit.Integrations.Wsdl\Vegha.Tests.Unit.Integrations.Wsdl.csproj", "{FA741942-6F3C-48D3-92A6-654F5BBBDD04}"
EndProject
Project("{FAE04EC0-301F-11D3-BF4B-00C04F79EFBC}") = "Vegha.Core.Flow", "app\Vegha.Core.Flow\Vegha.Core.Flow.csproj", "{974962D1-AFE8-4D32-86CA-5FA265AC7D90}"
EndProject
Project("{FAE04EC0-301F-11D3-BF4B-00C04F79EFBC}") = "Vegha.Tests.Unit.Core.Flow", "tests\Vegha.Tests.Unit.Core.Flow\Vegha.Tests.Unit.Core.Flow.csproj", "{0F916554-1972-4925-8D80-B531DAAB16A1}"
EndProject
Project("{FAE04EC0-301F-11D3-BF4B-00C04F79EFBC}") = "Vegha.Cli", "cli\Vegha.Cli.csproj", "{4ADF4528-8044-49F2-8FEC-8E284059F7CE}"
EndProject
Project("{FAE04EC0-301F-11D3-BF4B-00C04F79EFBC}") = "Vegha.Tests.Unit.Core.ViewModels", "tests\Vegha.Tests.Unit.Core.ViewModels\Vegha.Tests.Unit.Core.ViewModels.csproj", "{2C51ED0B-AB55-46D9-970C-BAF8656068A1}"
EndProject
Project("{FAE04EC0-301F-11D3-BF4B-00C04F79EFBC}") = "Vegha.Tests.UI", "tests\Vegha.Tests.UI\Vegha.Tests.UI.csproj", "{A5DD131F-87D8-44C3-B78C-E5D6F110A83D}"
EndProject
Global
	GlobalSection(SolutionConfigurationPlatforms) = preSolution
		Debug|Any CPU = Debug|Any CPU
		Release|Any CPU = Release|Any CPU
	EndGlobalSection
	GlobalSection(SolutionProperties) = preSolution
		HideSolutionNode = FALSE
	EndGlobalSection
	GlobalSection(ProjectConfigurationPlatforms) = postSolution
		{160FABB8-23BB-4CB8-82C0-E5C8D29EC955}.Debug|Any CPU.ActiveCfg = Debug|Any CPU
		{160FABB8-23BB-4CB8-82C0-E5C8D29EC955}.Debug|Any CPU.Build.0 = Debug|Any CPU
		{160FABB8-23BB-4CB8-82C0-E5C8D29EC955}.Release|Any CPU.ActiveCfg = Release|Any CPU
		{160FABB8-23BB-4CB8-82C0-E5C8D29EC955}.Release|Any CPU.Build.0 = Release|Any CPU
		{547A4670-DC85-4F13-98C1-12A008E5BA09}.Debug|Any CPU.ActiveCfg = Debug|Any CPU
		{547A4670-DC85-4F13-98C1-12A008E5BA09}.Debug|Any CPU.Build.0 = Debug|Any CPU
		{547A4670-DC85-4F13-98C1-12A008E5BA09}.Release|Any CPU.ActiveCfg = Release|Any CPU
		{547A4670-DC85-4F13-98C1-12A008E5BA09}.Release|Any CPU.Build.0 = Release|Any CPU
		{C8F2F41C-02E6-44B6-918D-C6A98F8CFF0B}.Debug|Any CPU.ActiveCfg = Debug|Any CPU
		{C8F2F41C-02E6-44B6-918D-C6A98F8CFF0B}.Debug|Any CPU.Build.0 = Debug|Any CPU
		{C8F2F41C-02E6-44B6-918D-C6A98F8CFF0B}.Release|Any CPU.ActiveCfg = Release|Any CPU
		{C8F2F41C-02E6-44B6-918D-C6A98F8CFF0B}.Release|Any CPU.Build.0 = Release|Any CPU
		{22506AA7-0009-4D31-A89A-C7FA2659335C}.Debug|Any CPU.ActiveCfg = Debug|Any CPU
		{22506AA7-0009-4D31-A89A-C7FA2659335C}.Debug|Any CPU.Build.0 = Debug|Any CPU
		{22506AA7-0009-4D31-A89A-C7FA2659335C}.Release|Any CPU.ActiveCfg = Release|Any CPU
		{22506AA7-0009-4D31-A89A-C7FA2659335C}.Release|Any CPU.Build.0 = Release|Any CPU
		{ADD2C6F4-BA8E-4326-BF20-C2F1F01AE0C6}.Debug|Any CPU.ActiveCfg = Debug|Any CPU
		{ADD2C6F4-BA8E-4326-BF20-C2F1F01AE0C6}.Debug|Any CPU.Build.0 = Debug|Any CPU
		{ADD2C6F4-BA8E-4326-BF20-C2F1F01AE0C6}.Release|Any CPU.ActiveCfg = Release|Any CPU
		{ADD2C6F4-BA8E-4326-BF20-C2F1F01AE0C6}.Release|Any CPU.Build.0 = Release|Any CPU
		{C9FAC9A3-E7D6-43AA-A855-379EB123EC2C}.Debug|Any CPU.ActiveCfg = Debug|Any CPU
		{C9FAC9A3-E7D6-43AA-A855-379EB123EC2C}.Debug|Any CPU.Build.0 = Debug|Any CPU
		{C9FAC9A3-E7D6-43AA-A855-379EB123EC2C}.Release|Any CPU.ActiveCfg = Release|Any CPU
		{C9FAC9A3-E7D6-43AA-A855-379EB123EC2C}.Release|Any CPU.Build.0 = Release|Any CPU
		{A8A1751E-A724-4143-B53B-CC7D5778EFBE}.Debug|Any CPU.ActiveCfg = Debug|Any CPU
		{A8A1751E-A724-4143-B53B-CC7D5778EFBE}.Debug|Any CPU.Build.0 = Debug|Any CPU
		{A8A1751E-A724-4143-B53B-CC7D5778EFBE}.Release|Any CPU.ActiveCfg = Release|Any CPU
		{A8A1751E-A724-4143-B53B-CC7D5778EFBE}.Release|Any CPU.Build.0 = Release|Any CPU
		{70D95518-7939-479F-A5AA-805E522E6FCD}.Debug|Any CPU.ActiveCfg = Debug|Any CPU
		{70D95518-7939-479F-A5AA-805E522E6FCD}.Debug|Any CPU.Build.0 = Debug|Any CPU
		{70D95518-7939-479F-A5AA-805E522E6FCD}.Release|Any CPU.ActiveCfg = Release|Any CPU
		{70D95518-7939-479F-A5AA-805E522E6FCD}.Release|Any CPU.Build.0 = Release|Any CPU
		{9A8CF3A9-C159-4634-91E7-FED278C64C2D}.Debug|Any CPU.ActiveCfg = Debug|Any CPU
		{9A8CF3A9-C159-4634-91E7-FED278C64C2D}.Debug|Any CPU.Build.0 = Debug|Any CPU
		{9A8CF3A9-C159-4634-91E7-FED278C64C2D}.Release|Any CPU.ActiveCfg = Release|Any CPU
		{9A8CF3A9-C159-4634-91E7-FED278C64C2D}.Release|Any CPU.Build.0 = Release|Any CPU
		{5ECC28C0-8C8B-4BC9-BCBA-A9F012233092}.Debug|Any CPU.ActiveCfg = Debug|Any CPU
		{5ECC28C0-8C8B-4BC9-BCBA-A9F012233092}.Debug|Any CPU.Build.0 = Debug|Any CPU
		{5ECC28C0-8C8B-4BC9-BCBA-A9F012233092}.Release|Any CPU.ActiveCfg = Release|Any CPU
		{5ECC28C0-8C8B-4BC9-BCBA-A9F012233092}.Release|Any CPU.Build.0 = Release|Any CPU
		{E646A597-8A9A-4007-A6BA-F4A7D0734163}.Debug|Any CPU.ActiveCfg = Debug|Any CPU
		{E646A597-8A9A-4007-A6BA-F4A7D0734163}.Debug|Any CPU.Build.0 = Debug|Any CPU
		{E646A597-8A9A-4007-A6BA-F4A7D0734163}.Release|Any CPU.ActiveCfg = Release|Any CPU
		{E646A597-8A9A-4007-A6BA-F4A7D0734163}.Release|Any CPU.Build.0 = Release|Any CPU
		{DE10991B-5927-4413-8057-C481145B7FFD}.Debug|Any CPU.ActiveCfg = Debug|Any CPU
		{DE10991B-5927-4413-8057-C481145B7FFD}.Debug|Any CPU.Build.0 = Debug|Any CPU
		{DE10991B-5927-4413-8057-C481145B7FFD}.Release|Any CPU.ActiveCfg = Release|Any CPU
		{DE10991B-5927-4413-8057-C481145B7FFD}.Release|Any CPU.Build.0 = Release|Any CPU
		{958AAB85-373B-408E-B15F-F1A44EA7919C}.Debug|Any CPU.ActiveCfg = Debug|Any CPU
		{958AAB85-373B-408E-B15F-F1A44EA7919C}.Debug|Any CPU.Build.0 = Debug|Any CPU
		{958AAB85-373B-408E-B15F-F1A44EA7919C}.Release|Any CPU.ActiveCfg = Release|Any CPU
		{958AAB85-373B-408E-B15F-F1A44EA7919C}.Release|Any CPU.Build.0 = Release|Any CPU
		{E8D07D81-ED5E-469D-BA68-99C96EFF85C2}.Debug|Any CPU.ActiveCfg = Debug|Any CPU
		{E8D07D81-ED5E-469D-BA68-99C96EFF85C2}.Debug|Any CPU.Build.0 = Debug|Any CPU
		{E8D07D81-ED5E-469D-BA68-99C96EFF85C2}.Release|Any CPU.ActiveCfg = Release|Any CPU
		{E8D07D81-ED5E-469D-BA68-99C96EFF85C2}.Release|Any CPU.Build.0 = Release|Any CPU
		{F6F410CA-7F78-4971-95D6-DBED2ABDBB6B}.Debug|Any CPU.ActiveCfg = Debug|Any CPU
		{F6F410CA-7F78-4971-95D6-DBED2ABDBB6B}.Debug|Any CPU.Build.0 = Debug|Any CPU
		{F6F410CA-7F78-4971-95D6-DBED2ABDBB6B}.Release|Any CPU.ActiveCfg = Release|Any CPU
		{F6F410CA-7F78-4971-95D6-DBED2ABDBB6B}.Release|Any CPU.Build.0 = Release|Any CPU
		{D5AE8E07-F9F9-4B08-83B7-44A85C33082B}.Debug|Any CPU.ActiveCfg = Debug|Any CPU
		{D5AE8E07-F9F9-4B08-83B7-44A85C33082B}.Debug|Any CPU.Build.0 = Debug|Any CPU
		{D5AE8E07-F9F9-4B08-83B7-44A85C33082B}.Release|Any CPU.ActiveCfg = Release|Any CPU
		{D5AE8E07-F9F9-4B08-83B7-44A85C33082B}.Release|Any CPU.Build.0 = Release|Any CPU
		{C04450FD-AD88-41A5-8CAA-6D324B2A2437}.Debug|Any CPU.ActiveCfg = Debug|Any CPU
		{C04450FD-AD88-41A5-8CAA-6D324B2A2437}.Debug|Any CPU.Build.0 = Debug|Any CPU
		{C04450FD-AD88-41A5-8CAA-6D324B2A2437}.Release|Any CPU.ActiveCfg = Release|Any CPU
		{C04450FD-AD88-41A5-8CAA-6D324B2A2437}.Release|Any CPU.Build.0 = Release|Any CPU
		{7950492D-BFF3-4EE0-9D88-A460CCA573E6}.Debug|Any CPU.ActiveCfg = Debug|Any CPU
		{7950492D-BFF3-4EE0-9D88-A460CCA573E6}.Debug|Any CPU.Build.0 = Debug|Any CPU
		{7950492D-BFF3-4EE0-9D88-A460CCA573E6}.Release|Any CPU.ActiveCfg = Release|Any CPU
		{7950492D-BFF3-4EE0-9D88-A460CCA573E6}.Release|Any CPU.Build.0 = Release|Any CPU
		{117A712C-0FB2-4F72-817B-BB724A37E9C4}.Debug|Any CPU.ActiveCfg = Debug|Any CPU
		{117A712C-0FB2-4F72-817B-BB724A37E9C4}.Debug|Any CPU.Build.0 = Debug|Any CPU
		{117A712C-0FB2-4F72-817B-BB724A37E9C4}.Release|Any CPU.ActiveCfg = Release|Any CPU
		{117A712C-0FB2-4F72-817B-BB724A37E9C4}.Release|Any CPU.Build.0 = Release|Any CPU
		{F4E82FAC-8A62-4DED-B8DE-9A7BC362A919}.Debug|Any CPU.ActiveCfg = Debug|Any CPU
		{F4E82FAC-8A62-4DED-B8DE-9A7BC362A919}.Debug|Any CPU.Build.0 = Debug|Any CPU
		{F4E82FAC-8A62-4DED-B8DE-9A7BC362A919}.Release|Any CPU.ActiveCfg = Release|Any CPU
		{F4E82FAC-8A62-4DED-B8DE-9A7BC362A919}.Release|Any CPU.Build.0 = Release|Any CPU
		{96F73C06-CBB2-4FEC-BEA3-28B046FEDEF6}.Debug|Any CPU.ActiveCfg = Debug|Any CPU
		{96F73C06-CBB2-4FEC-BEA3-28B046FEDEF6}.Debug|Any CPU.Build.0 = Debug|Any CPU
		{96F73C06-CBB2-4FEC-BEA3-28B046FEDEF6}.Release|Any CPU.ActiveCfg = Release|Any CPU
		{96F73C06-CBB2-4FEC-BEA3-28B046FEDEF6}.Release|Any CPU.Build.0 = Release|Any CPU
		{E41D1C56-B501-4C46-9996-FCAFCB7969CD}.Debug|Any CPU.ActiveCfg = Debug|Any CPU
		{E41D1C56-B501-4C46-9996-FCAFCB7969CD}.Debug|Any CPU.Build.0 = Debug|Any CPU
		{E41D1C56-B501-4C46-9996-FCAFCB7969CD}.Release|Any CPU.ActiveCfg = Release|Any CPU
		{E41D1C56-B501-4C46-9996-FCAFCB7969CD}.Release|Any CPU.Build.0 = Release|Any CPU
		{2E42583D-0892-4088-8A68-5647FB03B5D2}.Debug|Any CPU.ActiveCfg = Debug|Any CPU
		{2E42583D-0892-4088-8A68-5647FB03B5D2}.Debug|Any CPU.Build.0 = Debug|Any CPU
		{2E42583D-0892-4088-8A68-5647FB03B5D2}.Release|Any CPU.ActiveCfg = Release|Any CPU
		{2E42583D-0892-4088-8A68-5647FB03B5D2}.Release|Any CPU.Build.0 = Release|Any CPU
		{15983B60-8900-4CD8-BB72-0B700262323F}.Debug|Any CPU.ActiveCfg = Debug|Any CPU
		{15983B60-8900-4CD8-BB72-0B700262323F}.Debug|Any CPU.Build.0 = Debug|Any CPU
		{15983B60-8900-4CD8-BB72-0B700262323F}.Release|Any CPU.ActiveCfg = Release|Any CPU
		{15983B60-8900-4CD8-BB72-0B700262323F}.Release|Any CPU.Build.0 = Release|Any CPU
		{504966AD-CBA4-424D-AFEF-337E1B2DC868}.Debug|Any CPU.ActiveCfg = Debug|Any CPU
		{504966AD-CBA4-424D-AFEF-337E1B2DC868}.Debug|Any CPU.Build.0 = Debug|Any CPU
		{504966AD-CBA4-424D-AFEF-337E1B2DC868}.Release|Any CPU.ActiveCfg = Release|Any CPU
		{504966AD-CBA4-424D-AFEF-337E1B2DC868}.Release|Any CPU.Build.0 = Release|Any CPU
		{E210AF36-3FF4-48EC-B931-E2B978EBFEC9}.Debug|Any CPU.ActiveCfg = Debug|Any CPU
		{E210AF36-3FF4-48EC-B931-E2B978EBFEC9}.Debug|Any CPU.Build.0 = Debug|Any CPU
		{E210AF36-3FF4-48EC-B931-E2B978EBFEC9}.Release|Any CPU.ActiveCfg = Release|Any CPU
		{E210AF36-3FF4-48EC-B931-E2B978EBFEC9}.Release|Any CPU.Build.0 = Release|Any CPU
		{8552AFA0-7F27-44D7-AC2D-7E48287FDECB}.Debug|Any CPU.ActiveCfg = Debug|Any CPU
		{8552AFA0-7F27-44D7-AC2D-7E48287FDECB}.Debug|Any CPU.Build.0 = Debug|Any CPU
		{8552AFA0-7F27-44D7-AC2D-7E48287FDECB}.Release|Any CPU.ActiveCfg = Release|Any CPU
		{8552AFA0-7F27-44D7-AC2D-7E48287FDECB}.Release|Any CPU.Build.0 = Release|Any CPU
		{A0F53710-3BD1-4BCC-932D-37878F2B0662}.Debug|Any CPU.ActiveCfg = Debug|Any CPU
		{A0F53710-3BD1-4BCC-932D-37878F2B0662}.Debug|Any CPU.Build.0 = Debug|Any CPU
		{A0F53710-3BD1-4BCC-932D-37878F2B0662}.Release|Any CPU.ActiveCfg = Release|Any CPU
		{A0F53710-3BD1-4BCC-932D-37878F2B0662}.Release|Any CPU.Build.0 = Release|Any CPU
		{830C084D-04EB-4533-85B9-E20DE7E9459D}.Debug|Any CPU.ActiveCfg = Debug|Any CPU
		{830C084D-04EB-4533-85B9-E20DE7E9459D}.Debug|Any CPU.Build.0 = Debug|Any CPU
		{830C084D-04EB-4533-85B9-E20DE7E9459D}.Release|Any CPU.ActiveCfg = Release|Any CPU
		{830C084D-04EB-4533-85B9-E20DE7E9459D}.Release|Any CPU.Build.0 = Release|Any CPU
		{581DB218-8174-4152-A851-03BB56C9F764}.Debug|Any CPU.ActiveCfg = Debug|Any CPU
		{581DB218-8174-4152-A851-03BB56C9F764}.Debug|Any CPU.Build.0 = Debug|Any CPU
		{581DB218-8174-4152-A851-03BB56C9F764}.Release|Any CPU.ActiveCfg = Release|Any CPU
		{581DB218-8174-4152-A851-03BB56C9F764}.Release|Any CPU.Build.0 = Release|Any CPU
		{43260C56-4B9E-4088-80A4-58D1A53D10A6}.Debug|Any CPU.ActiveCfg = Debug|Any CPU
		{43260C56-4B9E-4088-80A4-58D1A53D10A6}.Debug|Any CPU.Build.0 = Debug|Any CPU
		{43260C56-4B9E-4088-80A4-58D1A53D10A6}.Release|Any CPU.ActiveCfg = Release|Any CPU
		{43260C56-4B9E-4088-80A4-58D1A53D10A6}.Release|Any CPU.Build.0 = Release|Any CPU
		{B9E6A552-1E5E-4D84-A9D2-07CB36C6BC36}.Debug|Any CPU.ActiveCfg = Debug|Any CPU
		{B9E6A552-1E5E-4D84-A9D2-07CB36C6BC36}.Debug|Any CPU.Build.0 = Debug|Any CPU
		{B9E6A552-1E5E-4D84-A9D2-07CB36C6BC36}.Release|Any CPU.ActiveCfg = Release|Any CPU
		{B9E6A552-1E5E-4D84-A9D2-07CB36C6BC36}.Release|Any CPU.Build.0 = Release|Any CPU
		{8453BAD5-F885-432D-9D8B-9F6D561BBD3D}.Debug|Any CPU.ActiveCfg = Debug|Any CPU
		{8453BAD5-F885-432D-9D8B-9F6D561BBD3D}.Debug|Any CPU.Build.0 = Debug|Any CPU
		{8453BAD5-F885-432D-9D8B-9F6D561BBD3D}.Release|Any CPU.ActiveCfg = Release|Any CPU
		{8453BAD5-F885-432D-9D8B-9F6D561BBD3D}.Release|Any CPU.Build.0 = Release|Any CPU
		{80D641ED-1DC8-42C2-81B8-1EE614AFE48B}.Debug|Any CPU.ActiveCfg = Debug|Any CPU
		{80D641ED-1DC8-42C2-81B8-1EE614AFE48B}.Debug|Any CPU.Build.0 = Debug|Any CPU
		{80D641ED-1DC8-42C2-81B8-1EE614AFE48B}.Release|Any CPU.ActiveCfg = Release|Any CPU
		{80D641ED-1DC8-42C2-81B8-1EE614AFE48B}.Release|Any CPU.Build.0 = Release|Any CPU
		{02931C34-CE06-4C1F-BA55-161168FA1DA9}.Debug|Any CPU.ActiveCfg = Debug|Any CPU
		{02931C34-CE06-4C1F-BA55-161168FA1DA9}.Debug|Any CPU.Build.0 = Debug|Any CPU
		{02931C34-CE06-4C1F-BA55-161168FA1DA9}.Release|Any CPU.ActiveCfg = Release|Any CPU
		{02931C34-CE06-4C1F-BA55-161168FA1DA9}.Release|Any CPU.Build.0 = Release|Any CPU
		{6EE8D263-41BF-4901-B297-59A329C51955}.Debug|Any CPU.ActiveCfg = Debug|Any CPU
		{6EE8D263-41BF-4901-B297-59A329C51955}.Debug|Any CPU.Build.0 = Debug|Any CPU
		{6EE8D263-41BF-4901-B297-59A329C51955}.Release|Any CPU.ActiveCfg = Release|Any CPU
		{6EE8D263-41BF-4901-B297-59A329C51955}.Release|Any CPU.Build.0 = Release|Any CPU
		{FA741942-6F3C-48D3-92A6-654F5BBBDD04}.Debug|Any CPU.ActiveCfg = Debug|Any CPU
		{FA741942-6F3C-48D3-92A6-654F5BBBDD04}.Debug|Any CPU.Build.0 = Debug|Any CPU
		{FA741942-6F3C-48D3-92A6-654F5BBBDD04}.Release|Any CPU.ActiveCfg = Release|Any CPU
		{FA741942-6F3C-48D3-92A6-654F5BBBDD04}.Release|Any CPU.Build.0 = Release|Any CPU
		{974962D1-AFE8-4D32-86CA-5FA265AC7D90}.Debug|Any CPU.ActiveCfg = Debug|Any CPU
		{974962D1-AFE8-4D32-86CA-5FA265AC7D90}.Debug|Any CPU.Build.0 = Debug|Any CPU
		{974962D1-AFE8-4D32-86CA-5FA265AC7D90}.Release|Any CPU.ActiveCfg = Release|Any CPU
		{974962D1-AFE8-4D32-86CA-5FA265AC7D90}.Release|Any CPU.Build.0 = Release|Any CPU
		{0F916554-1972-4925-8D80-B531DAAB16A1}.Debug|Any CPU.ActiveCfg = Debug|Any CPU
		{0F916554-1972-4925-8D80-B531DAAB16A1}.Debug|Any CPU.Build.0 = Debug|Any CPU
		{0F916554-1972-4925-8D80-B531DAAB16A1}.Release|Any CPU.ActiveCfg = Release|Any CPU
		{0F916554-1972-4925-8D80-B531DAAB16A1}.Release|Any CPU.Build.0 = Release|Any CPU
		{4ADF4528-8044-49F2-8FEC-8E284059F7CE}.Debug|Any CPU.ActiveCfg = Debug|Any CPU
		{4ADF4528-8044-49F2-8FEC-8E284059F7CE}.Debug|Any CPU.Build.0 = Debug|Any CPU
		{4ADF4528-8044-49F2-8FEC-8E284059F7CE}.Release|Any CPU.ActiveCfg = Release|Any CPU
		{4ADF4528-8044-49F2-8FEC-8E284059F7CE}.Release|Any CPU.Build.0 = Release|Any CPU
		{2C51ED0B-AB55-46D9-970C-BAF8656068A1}.Debug|Any CPU.ActiveCfg = Debug|Any CPU
		{2C51ED0B-AB55-46D9-970C-BAF8656068A1}.Debug|Any CPU.Build.0 = Debug|Any CPU
		{2C51ED0B-AB55-46D9-970C-BAF8656068A1}.Release|Any CPU.ActiveCfg = Release|Any CPU
		{2C51ED0B-AB55-46D9-970C-BAF8656068A1}.Release|Any CPU.Build.0 = Release|Any CPU
		{A5DD131F-87D8-44C3-B78C-E5D6F110A83D}.Debug|Any CPU.ActiveCfg = Debug|Any CPU
		{A5DD131F-87D8-44C3-B78C-E5D6F110A83D}.Debug|Any CPU.Build.0 = Debug|Any CPU
		{A5DD131F-87D8-44C3-B78C-E5D6F110A83D}.Release|Any CPU.ActiveCfg = Release|Any CPU
		{A5DD131F-87D8-44C3-B78C-E5D6F110A83D}.Release|Any CPU.Build.0 = Release|Any CPU
	EndGlobalSection
	GlobalSection(NestedProjects) = preSolution
		{160FABB8-23BB-4CB8-82C0-E5C8D29EC955} = {BF4E6222-C417-4D40-A9FD-E1B7AD34024A}
		{547A4670-DC85-4F13-98C1-12A008E5BA09} = {BF4E6222-C417-4D40-A9FD-E1B7AD34024A}
		{C8F2F41C-02E6-44B6-918D-C6A98F8CFF0B} = {BF4E6222-C417-4D40-A9FD-E1B7AD34024A}
		{22506AA7-0009-4D31-A89A-C7FA2659335C} = {BF4E6222-C417-4D40-A9FD-E1B7AD34024A}
		{ADD2C6F4-BA8E-4326-BF20-C2F1F01AE0C6} = {BF4E6222-C417-4D40-A9FD-E1B7AD34024A}
		{C9FAC9A3-E7D6-43AA-A855-379EB123EC2C} = {BF4E6222-C417-4D40-A9FD-E1B7AD34024A}
		{A8A1751E-A724-4143-B53B-CC7D5778EFBE} = {96F4E1E6-3ABB-453F-98BA-1EFF55D3CB05}
		{70D95518-7939-479F-A5AA-805E522E6FCD} = {BF4E6222-C417-4D40-A9FD-E1B7AD34024A}
		{9A8CF3A9-C159-4634-91E7-FED278C64C2D} = {96F4E1E6-3ABB-453F-98BA-1EFF55D3CB05}
		{5ECC28C0-8C8B-4BC9-BCBA-A9F012233092} = {BF4E6222-C417-4D40-A9FD-E1B7AD34024A}
		{E646A597-8A9A-4007-A6BA-F4A7D0734163} = {96F4E1E6-3ABB-453F-98BA-1EFF55D3CB05}
		{DE10991B-5927-4413-8057-C481145B7FFD} = {BF4E6222-C417-4D40-A9FD-E1B7AD34024A}
		{958AAB85-373B-408E-B15F-F1A44EA7919C} = {96F4E1E6-3ABB-453F-98BA-1EFF55D3CB05}
		{E8D07D81-ED5E-469D-BA68-99C96EFF85C2} = {BF4E6222-C417-4D40-A9FD-E1B7AD34024A}
		{F6F410CA-7F78-4971-95D6-DBED2ABDBB6B} = {96F4E1E6-3ABB-453F-98BA-1EFF55D3CB05}
		{D5AE8E07-F9F9-4B08-83B7-44A85C33082B} = {BF4E6222-C417-4D40-A9FD-E1B7AD34024A}
		{C04450FD-AD88-41A5-8CAA-6D324B2A2437} = {96F4E1E6-3ABB-453F-98BA-1EFF55D3CB05}
		{7950492D-BFF3-4EE0-9D88-A460CCA573E6} = {BF4E6222-C417-4D40-A9FD-E1B7AD34024A}
		{117A712C-0FB2-4F72-817B-BB724A37E9C4} = {96F4E1E6-3ABB-453F-98BA-1EFF55D3CB05}
		{F4E82FAC-8A62-4DED-B8DE-9A7BC362A919} = {BF4E6222-C417-4D40-A9FD-E1B7AD34024A}
		{96F73C06-CBB2-4FEC-BEA3-28B046FEDEF6} = {96F4E1E6-3ABB-453F-98BA-1EFF55D3CB05}
		{E41D1C56-B501-4C46-9996-FCAFCB7969CD} = {96F4E1E6-3ABB-453F-98BA-1EFF55D3CB05}
		{2E42583D-0892-4088-8A68-5647FB03B5D2} = {BF4E6222-C417-4D40-A9FD-E1B7AD34024A}
		{15983B60-8900-4CD8-BB72-0B700262323F} = {BF4E6222-C417-4D40-A9FD-E1B7AD34024A}
		{504966AD-CBA4-424D-AFEF-337E1B2DC868} = {BF4E6222-C417-4D40-A9FD-E1B7AD34024A}
		{E210AF36-3FF4-48EC-B931-E2B978EBFEC9} = {BF4E6222-C417-4D40-A9FD-E1B7AD34024A}
		{8552AFA0-7F27-44D7-AC2D-7E48287FDECB} = {96F4E1E6-3ABB-453F-98BA-1EFF55D3CB05}
		{A0F53710-3BD1-4BCC-932D-37878F2B0662} = {BF4E6222-C417-4D40-A9FD-E1B7AD34024A}
		{830C084D-04EB-4533-85B9-E20DE7E9459D} = {96F4E1E6-3ABB-453F-98BA-1EFF55D3CB05}
		{581DB218-8174-4152-A851-03BB56C9F764} = {BF4E6222-C417-4D40-A9FD-E1B7AD34024A}
		{43260C56-4B9E-4088-80A4-58D1A53D10A6} = {BF4E6222-C417-4D40-A9FD-E1B7AD34024A}
		{B9E6A552-1E5E-4D84-A9D2-07CB36C6BC36} = {BF4E6222-C417-4D40-A9FD-E1B7AD34024A}
		{8453BAD5-F885-432D-9D8B-9F6D561BBD3D} = {BF4E6222-C417-4D40-A9FD-E1B7AD34024A}
		{80D641ED-1DC8-42C2-81B8-1EE614AFE48B} = {BF4E6222-C417-4D40-A9FD-E1B7AD34024A}
		{02931C34-CE06-4C1F-BA55-161168FA1DA9} = {BF4E6222-C417-4D40-A9FD-E1B7AD34024A}
		{6EE8D263-41BF-4901-B297-59A329C51955} = {BF4E6222-C417-4D40-A9FD-E1B7AD34024A}
		{FA741942-6F3C-48D3-92A6-654F5BBBDD04} = {96F4E1E6-3ABB-453F-98BA-1EFF55D3CB05}
		{974962D1-AFE8-4D32-86CA-5FA265AC7D90} = {BF4E6222-C417-4D40-A9FD-E1B7AD34024A}
		{0F916554-1972-4925-8D80-B531DAAB16A1} = {96F4E1E6-3ABB-453F-98BA-1EFF55D3CB05}
		{2C51ED0B-AB55-46D9-970C-BAF8656068A1} = {96F4E1E6-3ABB-453F-98BA-1EFF55D3CB05}
		{A5DD131F-87D8-44C3-B78C-E5D6F110A83D} = {96F4E1E6-3ABB-453F-98BA-1EFF55D3CB05}
	EndGlobalSection
EndGlobal
